<?xml version="1.0" encoding="UTF-8" standalone="yes" ?>
<CodeBlocks_project_file>
	<FileVersion major="1" minor="6" />
	<Project>
		<Option title="Dream" />
		<Option pch_mode="2" />
		<Option compiler="gcc" />
		<Build>
			<Target title="Win32 Release">
				<Option platforms="Windows;" />
				<Option output="Dream.exe" prefix_auto="0" extension_auto="0" />
				<Option object_output="Release" />
				<Option type="1" />
				<Option compiler="gcc" />
				<Option parameters="--mode DRMRX D:\RTLwithSlideshow_ModeB_10kHz.wav" />
				<Compiler>
					<Add option="-O2" />
					<Add option="-W" />
					<Add option="-fexceptions" />
					<Add option="-DNDEBUG" />
				</Compiler>
			</Target>
			<Target title="Win32 Debug">
				<Option output="Dreamd" prefix_auto="1" extension_auto="1" />
				<Option object_output="Debug" />
				<Option type="1" />
				<Option compiler="gcc" />
				<Option parameters="--mode DRMRX D:\RTLwithSlideshow_ModeB_10kHz.wav" />
				<Compiler>
					<Add option="-W" />
					<Add option="-g" />
					<Add option="-fexceptions" />
					<Add option="-D_DEBUG" />
				</Compiler>
			</Target>
		</Build>
		<Compiler>
			<Add option="-D__INTERLOCKED_DECLARED" />
			<Add option="-DHAVE_STDINT_H" />
			<Add option="-D_WINDOWS" />
			<Add option="-DWIN32" />
			<Add option="-DQT_THREAD_SUPPORT" />
			<Add option="-DQT_DLL" />
			<Add option="-DQT_QT3SUPPORT_LIB" />
			<Add option="-DQT3_SUPPORT" />
			<Add option="-DQT_XML_LIB" />
			<Add option="-DQT_GUI_LIB" />
			<Add option="-DQT_NETWORK_LIB" />
			<Add option="-DQT_CORE_LIB" />
			<Add directory="$(QTDIR)\include" />
			<Add directory="$(QTDIR)\include\QtCore" />
			<Add directory="..\libs" />
			<Add directory="..\common\GUI-QT" />
			<Add directory="moc" />
			<Add directory="..\..\faac\include" />
			<Add directory="..\..\faad2\include" />
			<Add directory="..\..\qwt-qt4\src" />
			<Add directory="$(QTDIR)\include\QtNetwork" />
			<Add directory="$(QTDIR)\include\QtGUI" />
			<Add directory="$(QTDIR)\include\Qt3Support" />
			<Add directory="$(QTDIR)\include\QtXML" />
		</Compiler>
		<Linker>
			<Add library="faac" />
			<Add library="faad" />
			<Add library="hamlib" />
			<Add library="fftw" />
			<Add library="rfftw" />
			<Add library="qwt5" />
			<Add library="z" />
			<Add library="wsock32" />
			<Add library="winmm" />
			<Add library="setupapi" />
			<Add library="wpcap" />
			<Add library="..\..\..\bin\libsndfile-1.dll" />
			<Add library="Qt3Support4" />
			<Add library="QtCore4" />
			<Add library="QtNetwork4" />
			<Add library="QtGUI4" />
			<Add library="QtXML4" />
			<Add directory="$(QTDIR)\lib" />
			<Add directory="D:\dream\qwt-qt4\lib" />
			<Add directory="..\libs" />
		</Linker>
		<Unit filename="..\common\AMDemodulation.cpp" />
		<Unit filename="..\common\AMDemodulation.h" />
		<Unit filename="..\common\AMSSDemodulation.cpp" />
		<Unit filename="..\common\AMSSDemodulation.h" />
		<Unit filename="..\common\DRMSignalIO.cpp" />
		<Unit filename="..\common\DRMSignalIO.h" />
		<Unit filename="..\common\DataIO.cpp" />
		<Unit filename="..\common\DataIO.h" />
		<Unit filename="..\common\DrmEncoder.cpp" />
		<Unit filename="..\common\DrmEncoder.h" />
		<Unit filename="..\common\DrmModulator.cpp" />
		<Unit filename="..\common\DrmModulator.h" />
		<Unit filename="..\common\DrmReceiver.cpp" />
		<Unit filename="..\common\DrmReceiver.h" />
		<Unit filename="..\common\DrmSimulation.cpp" />
		<Unit filename="..\common\DrmSimulation.h" />
		<Unit filename="..\common\DrmTransmitter.cpp" />
		<Unit filename="..\common\DrmTransmitter.h" />
		<Unit filename="..\common\DrmTransmitterInterface.h" />
		<Unit filename="..\common\FAC\FAC.cpp" />
		<Unit filename="..\common\FAC\FAC.h" />
		<Unit filename="..\common\GPSData.cpp" />
		<Unit filename="..\common\GPSData.h" />
		<Unit filename="..\common\GPSReceiver.cpp" />
		<Unit filename="..\common\GPSReceiver.h" />
		<Unit filename="..\common\GUI-QT\AnalogDemDlg.cpp" />
		<Unit filename="..\common\GUI-QT\AnalogDemDlg.h" />
		<Unit filename="..\common\GUI-QT\DRMPlot.cpp" />
		<Unit filename="..\common\GUI-QT\DRMPlot.h" />
		<Unit filename="..\common\GUI-QT\DialogUtil.cpp" />
		<Unit filename="..\common\GUI-QT\DialogUtil.h" />
		<Unit filename="..\common\GUI-QT\EPGDlg.cpp" />
		<Unit filename="..\common\GUI-QT\EPGDlg.h" />
		<Unit filename="..\common\GUI-QT\LatLongEditDlg.cpp" />
		<Unit filename="..\common\GUI-QT\LiveScheduleDlg.cpp" />
		<Unit filename="..\common\GUI-QT\LiveScheduleDlg.h" />
		<Unit filename="..\common\GUI-QT\Loghelper.cpp" />
		<Unit filename="..\common\GUI-QT\MultColorLED.cpp" />
		<Unit filename="..\common\GUI-QT\MultColorLED.h" />
		<Unit filename="..\common\GUI-QT\MultSettingsDlg.cpp" />
		<Unit filename="..\common\GUI-QT\MultSettingsDlg.h" />
		<Unit filename="..\common\GUI-QT\MultimediaDlg.cpp" />
		<Unit filename="..\common\GUI-QT\MultimediaDlg.h" />
		<Unit filename="..\common\GUI-QT\ReceiverSettingsDlg.cpp" />
		<Unit filename="..\common\GUI-QT\ReceiverSettingsDlg.h" />
		<Unit filename="..\common\GUI-QT\StationsDlg.cpp" />
		<Unit filename="..\common\GUI-QT\StationsDlg.h" />
		<Unit filename="..\common\GUI-QT\TransmDlg.cpp" />
		<Unit filename="..\common\GUI-QT\TransmDlg.h" />
		<Unit filename="..\common\GUI-QT\fdrmdialog.cpp" />
		<Unit filename="..\common\GUI-QT\fdrmdialog.h" />
		<Unit filename="..\common\GUI-QT\main.cpp" />
		<Unit filename="..\common\GUI-QT\systemevalDlg.cpp" />
		<Unit filename="..\common\GUI-QT\systemevalDlg.h" />
		<Unit filename="..\common\GlobalDefinitions.h" />
		<Unit filename="..\common\IQInputFilter.cpp" />
		<Unit filename="..\common\IQInputFilter.h" />
		<Unit filename="..\common\InputResample.cpp" />
		<Unit filename="..\common\InputResample.h" />
		<Unit filename="..\common\MDI\AFPacketGenerator.cpp" />
		<Unit filename="..\common\MDI\AFPacketGenerator.h" />
		<Unit filename="..\common\MDI\MDIDecode.cpp" />
		<Unit filename="..\common\MDI\MDIDecode.h" />
		<Unit filename="..\common\MDI\MDIDefinitions.h" />
		<Unit filename="..\common\MDI\MDIInBuffer.cpp" />
		<Unit filename="..\common\MDI\MDIInBuffer.h" />
		<Unit filename="..\common\MDI\MDIRSCI.cpp" />
		<Unit filename="..\common\MDI\MDIRSCI.h" />
		<Unit filename="..\common\MDI\MDITagItemDecoders.cpp" />
		<Unit filename="..\common\MDI\MDITagItemDecoders.h" />
		<Unit filename="..\common\MDI\MDITagItems.cpp" />
		<Unit filename="..\common\MDI\MDITagItems.h" />
		<Unit filename="..\common\MDI\PacketInOut.h" />
		<Unit filename="..\common\MDI\PacketSinkFile.cpp" />
		<Unit filename="..\common\MDI\PacketSinkFile.h" />
		<Unit filename="..\common\MDI\PacketSocketNull.cpp" />
		<Unit filename="..\common\MDI\PacketSocketNull.h" />
		<Unit filename="..\common\MDI\PacketSocketQT.cpp" />
		<Unit filename="..\common\MDI\PacketSocketQT.h" />
		<Unit filename="..\common\MDI\PacketSourceFile.cpp" />
		<Unit filename="..\common\MDI\PacketSourceFile.h" />
		<Unit filename="..\common\MDI\Pft.cpp" />
		<Unit filename="..\common\MDI\Pft.h" />
		<Unit filename="..\common\MDI\RCITagItems.cpp" />
		<Unit filename="..\common\MDI\RCITagItems.h" />
		<Unit filename="..\common\MDI\RSCITagItemDecoders.cpp" />
		<Unit filename="..\common\MDI\RSCITagItemDecoders.h" />
		<Unit filename="..\common\MDI\RSISubscriber.cpp" />
		<Unit filename="..\common\MDI\RSISubscriber.h" />
		<Unit filename="..\common\MDI\TagItemDecoder.h" />
		<Unit filename="..\common\MDI\TagPacketDecoder.cpp" />
		<Unit filename="..\common\MDI\TagPacketDecoder.h" />
		<Unit filename="..\common\MDI\TagPacketDecoderMDI.cpp" />
		<Unit filename="..\common\MDI\TagPacketDecoderMDI.h" />
		<Unit filename="..\common\MDI\TagPacketDecoderRSCIControl.cpp" />
		<Unit filename="..\common\MDI\TagPacketDecoderRSCIControl.h" />
		<Unit filename="..\common\MDI\TagPacketGenerator.cpp" />
		<Unit filename="..\common\MDI\TagPacketGenerator.h" />
		<Unit filename="..\common\MSCMultiplexer.cpp" />
		<Unit filename="..\common\MSCMultiplexer.h" />
		<Unit filename="..\common\Measurements.cpp" />
		<Unit filename="..\common\Measurements.h" />
		<Unit filename="..\common\OFDM.cpp" />
		<Unit filename="..\common\OFDM.h" />
		<Unit filename="..\common\Parameter.cpp" />
		<Unit filename="..\common\Parameter.h" />
		<Unit filename="..\common\PlotManager.cpp" />
		<Unit filename="..\common\PlotManager.h" />
		<Unit filename="..\common\ReceptLog.cpp" />
		<Unit filename="..\common\ReceptLog.h" />
		<Unit filename="..\common\SDC\SDC.h" />
		<Unit filename="..\common\SDC\SDCReceive.cpp" />
		<Unit filename="..\common\SDC\SDCTransmit.cpp" />
		<Unit filename="..\common\ServiceInformation.cpp" />
		<Unit filename="..\common\ServiceInformation.h" />
		<Unit filename="..\common\SigProc.h" />
		<Unit filename="..\common\SimulationParameters.cpp" />
		<Unit filename="..\common\TextMessage.cpp" />
		<Unit filename="..\common\TextMessage.h" />
		<Unit filename="..\common\Version.cpp" />
		<Unit filename="..\common\Version.h" />
		<Unit filename="..\common\chanest\ChanEstTime.cpp" />
		<Unit filename="..\common\chanest\ChanEstTime.h" />
		<Unit filename="..\common\chanest\ChannelEstimation.cpp" />
		<Unit filename="..\common\chanest\ChannelEstimation.h" />
		<Unit filename="..\common\chanest\IdealChannelEstimation.cpp" />
		<Unit filename="..\common\chanest\IdealChannelEstimation.h" />
		<Unit filename="..\common\chanest\TimeLinear.cpp" />
		<Unit filename="..\common\chanest\TimeLinear.h" />
		<Unit filename="..\common\chanest\TimeWiener.cpp" />
		<Unit filename="..\common\chanest\TimeWiener.h" />
		<Unit filename="..\common\datadecoding\DABMOT.cpp" />
		<Unit filename="..\common\datadecoding\DABMOT.h" />
		<Unit filename="..\common\datadecoding\DataDecoder.cpp" />
		<Unit filename="..\common\datadecoding\DataDecoder.h" />
		<Unit filename="..\common\datadecoding\Journaline.cpp" />
		<Unit filename="..\common\datadecoding\Journaline.h" />
		<Unit filename="..\common\datadecoding\MOTSlideShow.cpp" />
		<Unit filename="..\common\datadecoding\MOTSlideShow.h" />
		<Unit filename="..\common\datadecoding\epg\EPG.cpp" />
		<Unit filename="..\common\datadecoding\epg\EPG.h" />
		<Unit filename="..\common\datadecoding\epg\epgdec.cpp" />
		<Unit filename="..\common\datadecoding\epg\epgdec.h" />
		<Unit filename="..\common\datadecoding\epg\epgutil.cpp" />
		<Unit filename="..\common\datadecoding\epg\epgutil.h" />
		<Unit filename="..\common\datadecoding\journaline\NML.cpp" />
		<Unit filename="..\common\datadecoding\journaline\NML.h" />
		<Unit filename="..\common\datadecoding\journaline\Splitter.cpp" />
		<Unit filename="..\common\datadecoding\journaline\Splitter.h" />
		<Unit filename="..\common\datadecoding\journaline\cpplog.h" />
		<Unit filename="..\common\datadecoding\journaline\crc_8_16.c">
			<Option compilerVar="CC" />
		</Unit>
		<Unit filename="..\common\datadecoding\journaline\crc_8_16.h" />
		<Unit filename="..\common\datadecoding\journaline\dabdatagroupdecoder.h" />
		<Unit filename="..\common\datadecoding\journaline\dabdgdec_impl.c">
			<Option compilerVar="CC" />
		</Unit>
		<Unit filename="..\common\datadecoding\journaline\dabdgdec_impl.h" />
		<Unit filename="..\common\datadecoding\journaline\log.c">
			<Option compilerVar="CC" />
		</Unit>
		<Unit filename="..\common\datadecoding\journaline\log.h" />
		<Unit filename="..\common\datadecoding\journaline\newsobject.cpp" />
		<Unit filename="..\common\datadecoding\journaline\newsobject.h" />
		<Unit filename="..\common\datadecoding\journaline\newssvcdec.h" />
		<Unit filename="..\common\datadecoding\journaline\newssvcdec_impl.cpp" />
		<Unit filename="..\common\datadecoding\journaline\newssvcdec_impl.h" />
		<Unit filename="..\common\drmchannel\ChannelSimulation.cpp" />
		<Unit filename="..\common\drmchannel\ChannelSimulation.h" />
		<Unit filename="..\common\interleaver\BlockInterleaver.cpp" />
		<Unit filename="..\common\interleaver\BlockInterleaver.h" />
		<Unit filename="..\common\interleaver\SymbolInterleaver.cpp" />
		<Unit filename="..\common\interleaver\SymbolInterleaver.h" />
		<Unit filename="..\common\matlib\Matlib.h" />
		<Unit filename="..\common\matlib\MatlibSigProToolbox.cpp" />
		<Unit filename="..\common\matlib\MatlibSigProToolbox.h" />
		<Unit filename="..\common\matlib\MatlibStdToolbox.cpp" />
		<Unit filename="..\common\matlib\MatlibStdToolbox.h" />
		<Unit filename="..\common\mlc\BitInterleaver.cpp" />
		<Unit filename="..\common\mlc\BitInterleaver.h" />
		<Unit filename="..\common\mlc\ChannelCode.cpp" />
		<Unit filename="..\common\mlc\ChannelCode.h" />
		<Unit filename="..\common\mlc\ConvEncoder.cpp" />
		<Unit filename="..\common\mlc\ConvEncoder.h" />
		<Unit filename="..\common\mlc\EnergyDispersal.cpp" />
		<Unit filename="..\common\mlc\EnergyDispersal.h" />
		<Unit filename="..\common\mlc\MLC.cpp" />
		<Unit filename="..\common\mlc\MLC.h" />
		<Unit filename="..\common\mlc\Metric.cpp" />
		<Unit filename="..\common\mlc\Metric.h" />
		<Unit filename="..\common\mlc\QAMMapping.cpp" />
		<Unit filename="..\common\mlc\QAMMapping.h" />
		<Unit filename="..\common\mlc\TrellisUpdateMMX.cpp" />
		<Unit filename="..\common\mlc\TrellisUpdateSSE2.cpp" />
		<Unit filename="..\common\mlc\ViterbiDecoder.cpp" />
		<Unit filename="..\common\mlc\ViterbiDecoder.h" />
		<Unit filename="..\common\ofdmcellmapping\CellMappingTable.cpp" />
		<Unit filename="..\common\ofdmcellmapping\CellMappingTable.h" />
		<Unit filename="..\common\ofdmcellmapping\OFDMCellMapping.cpp" />
		<Unit filename="..\common\ofdmcellmapping\OFDMCellMapping.h" />
		<Unit filename="..\common\resample\Resample.cpp" />
		<Unit filename="..\common\resample\Resample.h" />
		<Unit filename="..\common\resample\ResampleFilter.cpp" />
		<Unit filename="..\common\resample\ResampleFilter.h" />
		<Unit filename="..\common\selectioninterface.h" />
		<Unit filename="..\common\sound.h" />
		<Unit filename="..\common\sound\soundfile.cpp" />
		<Unit filename="..\common\sound\soundfile.h" />
		<Unit filename="..\common\sound\soundnull.h" />
		<Unit filename="..\common\soundinterface.h" />
		<Unit filename="..\common\sourcedecoders\AudioSourceDecoder.cpp" />
		<Unit filename="..\common\sourcedecoders\AudioSourceDecoder.h" />
		<Unit filename="..\common\sync\FreqSyncAcq.cpp" />
		<Unit filename="..\common\sync\FreqSyncAcq.h" />
		<Unit filename="..\common\sync\SyncUsingPil.cpp" />
		<Unit filename="..\common\sync\SyncUsingPil.h" />
		<Unit filename="..\common\sync\TimeSync.cpp" />
		<Unit filename="..\common\sync\TimeSync.h" />
		<Unit filename="..\common\sync\TimeSyncFilter.cpp" />
		<Unit filename="..\common\sync\TimeSyncFilter.h" />
		<Unit filename="..\common\sync\TimeSyncTrack.cpp" />
		<Unit filename="..\common\sync\TimeSyncTrack.h" />
		<Unit filename="..\common\tables\TableAMSS.h" />
		<Unit filename="..\common\tables\TableCarMap.cpp" />
		<Unit filename="..\common\tables\TableCarMap.h" />
		<Unit filename="..\common\tables\TableDRMGlobal.h" />
		<Unit filename="..\common\tables\TableFAC.cpp" />
		<Unit filename="..\common\tables\TableFAC.h" />
		<Unit filename="..\common\tables\TableMLC.h" />
		<Unit filename="..\common\tables\TableQAMMapping.h" />
		<Unit filename="..\common\tables\TableStations.cpp" />
		<Unit filename="..\common\tables\TableStations.h" />
		<Unit filename="..\common\util\Buffer.h" />
		<Unit filename="..\common\util\CRC.cpp" />
		<Unit filename="..\common\util\CRC.h" />
		<Unit filename="..\common\util\Hamlib.cpp" />
		<Unit filename="..\common\util\Hamlib.h" />
		<Unit filename="..\common\util\LogPrint.cpp" />
		<Unit filename="..\common\util\LogPrint.h" />
		<Unit filename="..\common\util\Modul.h" />
		<Unit filename="..\common\util\Pacer.h" />
		<Unit filename="..\common\util\Reassemble.cpp" />
		<Unit filename="..\common\util\Reassemble.h" />
		<Unit filename="..\common\util\ReceiverModul.h" />
		<Unit filename="..\common\util\ReceiverModul_impl.h" />
		<Unit filename="..\common\util\Settings.cpp" />
		<Unit filename="..\common\util\Settings.h" />
		<Unit filename="..\common\util\SimulationModul.h" />
		<Unit filename="..\common\util\SimulationModul_impl.h" />
		<Unit filename="..\common\util\TransmitterModul.h" />
		<Unit filename="..\common\util\TransmitterModul_impl.h" />
		<Unit filename="..\common\util\Utilities.cpp" />
		<Unit filename="..\common\util\Utilities.h" />
		<Unit filename="..\common\util\Vector.h" />
		<Unit filename="Dream.rc">
			<Option compilerVar="WINDRES" />
		</Unit>
		<Unit filename="Source\Pacer.cpp" />
		<Unit filename="Source\Sound.cpp" />
		<Unit filename="Source\Sound.h" />
		<Unit filename="moc\AMSSDlgbase.cpp" />
		<Unit filename="moc\AMSSDlgbase.h" />
		<Unit filename="moc\AboutDlgbase.cpp" />
		<Unit filename="moc\AboutDlgbase.h" />
		<Unit filename="moc\AnalogDemDlgbase.cpp" />
		<Unit filename="moc\AnalogDemDlgbase.h" />
		<Unit filename="moc\EPGDlgbase.cpp" />
		<Unit filename="moc\EPGDlgbase.h" />
		<Unit filename="moc\LatLongEditDlgbase.cpp" />
		<Unit filename="moc\LatLongEditDlgbase.h" />
		<Unit filename="moc\LiveScheduleDlgbase.cpp" />
		<Unit filename="moc\LiveScheduleDlgbase.h" />
		<Unit filename="moc\MultSettingsDlgbase.cpp" />
		<Unit filename="moc\MultSettingsDlgbase.h" />
		<Unit filename="moc\MultimediaDlgbase.cpp" />
		<Unit filename="moc\MultimediaDlgbase.h" />
		<Unit filename="moc\ReceiverSettingsDlgbase.cpp" />
		<Unit filename="moc\ReceiverSettingsDlgbase.h" />
		<Unit filename="moc\StationsDlgbase.cpp" />
		<Unit filename="moc\StationsDlgbase.h" />
		<Unit filename="moc\TransmDlgbase.cpp" />
		<Unit filename="moc\TransmDlgbase.h" />
		<Unit filename="moc\fdrmdialogbase.cpp" />
		<Unit filename="moc\fdrmdialogbase.h" />
		<Unit filename="moc\moc_AMSSDlgbase.cpp" />
		<Unit filename="moc\moc_AboutDlgbase.cpp" />
		<Unit filename="moc\moc_AnalogDemDlg.cpp" />
		<Unit filename="moc\moc_AnalogDemDlgbase.cpp" />
		<Unit filename="moc\moc_DRMPlot.cpp" />
		<Unit filename="moc\moc_DialogUtil.cpp" />
		<Unit filename="moc\moc_EPGDlg.cpp" />
		<Unit filename="moc\moc_EPGDlgbase.cpp" />
		<Unit filename="moc\moc_GPSReceiver.cpp" />
		<Unit filename="moc\moc_LatLongEditDlg.cpp" />
		<Unit filename="moc\moc_LatLongEditDlgbase.cpp" />
		<Unit filename="moc\moc_LiveScheduleDlg.cpp" />
		<Unit filename="moc\moc_LiveScheduleDlgbase.cpp" />
		<Unit filename="moc\moc_Loghelper.cpp" />
		<Unit filename="moc\moc_MultColorLED.cpp" />
		<Unit filename="moc\moc_MultSettingsDlg.cpp" />
		<Unit filename="moc\moc_MultSettingsDlgbase.cpp" />
		<Unit filename="moc\moc_MultimediaDlg.cpp" />
		<Unit filename="moc\moc_MultimediaDlgbase.cpp" />
		<Unit filename="moc\moc_PacketSocketQT.cpp" />
		<Unit filename="moc\moc_PacketSourceFile.cpp" />
		<Unit filename="moc\moc_ReceiverSettingsDlg.cpp" />
		<Unit filename="moc\moc_ReceiverSettingsDlgbase.cpp" />
		<Unit filename="moc\moc_StationsDlg.cpp" />
		<Unit filename="moc\moc_StationsDlgbase.cpp" />
		<Unit filename="moc\moc_TransmDlg.cpp" />
		<Unit filename="moc\moc_TransmDlgbase.cpp" />
		<Unit filename="moc\moc_fdrmdialog.cpp" />
		<Unit filename="moc\moc_fdrmdialogbase.cpp" />
		<Unit filename="moc\moc_systemevalDlg.cpp" />
		<Unit filename="moc\moc_systemevalDlgbase.cpp" />
		<Unit filename="moc\systemevalDlgbase.cpp" />
		<Unit filename="moc\systemevalDlgbase.h" />
		<Unit filename="resource.h" />
		<Extensions>
			<code_completion />
			<envvars />
			<debugger />
			<lib_finder disable_auto="1" />
		</Extensions>
	</Project>
</CodeBlocks_project_file>
