<?xml version="1.0" encoding="UTF-8" standalone="yes" ?>
<CodeBlocks_project_file>
	<FileVersion major="1" minor="6" />
	<Project>
		<Option title="Dream" />
		<Option pch_mode="2" />
		<Option compiler="gcc" />
		<Build>
			<Target title="Win32 Release">
				<Option platforms="Windows;" />
				<Option output="Dream.exe" prefix_auto="0" extension_auto="0" />
				<Option object_output="..\Release" />
				<Option type="1" />
				<Option compiler="gcc" />
				<Option parameters="--mode RX --modn DRM D:\RTLwithSlideshow_ModeB_10kHz.wav" />
				<Compiler>
					<Add option="-O2" />
					<Add option="-W" />
					<Add option="-fexceptions" />
					<Add option="-DNDEBUG" />
					<Add option="-DHAVE_QT" />
					<Add option="-DUSE_QT_GUI" />
					<Add option="-DQT_THREAD_SUPPORT" />
					<Add option="-DQT_DLL" />
					<Add option="-DQT_XML_LIB" />
					<Add option="-DQT_GUI_LIB" />
					<Add option="-DQT_NETWORK_LIB" />
					<Add option="-DQT_CORE_LIB" />
				</Compiler>
				<Linker>
					<Add library="Qt3Support4" />
					<Add library="QtCore4" />
					<Add library="QtNetwork4" />
					<Add library="QtGUI4" />
					<Add library="QtXML4" />
					<Add library="qwt5" />
				</Linker>
			</Target>
			<Target title="Win32 Debug">
				<Option output="Dreamd" prefix_auto="1" extension_auto="1" />
				<Option object_output="..\Debug" />
				<Option type="1" />
				<Option compiler="gcc" />
				<Option parameters="--mode RX --modn AM D:\RTLwithSlideshow_ModeB_10kHz.wav" />
				<Compiler>
					<Add option="-W" />
					<Add option="-Wall" />
					<Add option="-pg" />
					<Add option="-g" />
					<Add option="-fexceptions" />
					<Add option="-D_DEBUG" />
					<Add option="-DHAVE_QT" />
					<Add option="-DUSE_QT_GUI" />
					<Add option="-DQT_THREAD_SUPPORT" />
					<Add option="-DQT_DLL" />
					<Add option="-DQT_XML_LIB" />
					<Add option="-DQT_GUI_LIB" />
					<Add option="-DQT_NETWORK_LIB" />
					<Add option="-DQT_CORE_LIB" />
				</Compiler>
				<Linker>
					<Add option="-pg -lgmon" />
					<Add library="Qt3Support4" />
					<Add library="QtCore4" />
					<Add library="QtNetwork4" />
					<Add library="QtGUI4" />
					<Add library="QtXML4" />
					<Add library="qwt5" />
				</Linker>
			</Target>
			<Target title="Win32CLI">
				<Option platforms="Windows;" />
				<Option output="cdream.exe" prefix_auto="0" extension_auto="0" />
				<Option object_output="..\Release" />
				<Option type="1" />
				<Option compiler="gcc" />
				<Option use_console_runner="0" />
				<Option parameters="--mode DRMRX D:\RTLwithSlideshow_ModeB_10kHz.wav" />
				<Compiler>
					<Add option="-O2" />
					<Add option="-W" />
					<Add option="-fexceptions" />
					<Add option="-DNDEBUG" />
				</Compiler>
			</Target>
			<Target title="Portaudio Release">
				<Option platforms="Windows;" />
				<Option output="Dream.exe" prefix_auto="0" extension_auto="0" />
				<Option object_output="..\Release" />
				<Option type="1" />
				<Option compiler="gcc" />
				<Compiler>
					<Add option="-O2" />
					<Add option="-W" />
					<Add option="-fexceptions" />
					<Add option="-DNDEBUG" />
					<Add option="-DUSE_PORTAUDIO" />
					<Add option="-DHAVE_QT" />
					<Add option="-DUSE_QT_GUI" />
					<Add option="-DQT_THREAD_SUPPORT" />
					<Add option="-DQT_DLL" />
					<Add option="-DQT_XML_LIB" />
					<Add option="-DQT_GUI_LIB" />
					<Add option="-DQT_NETWORK_LIB" />
					<Add option="-DQT_CORE_LIB" />
					<Add option="-DDYNAMIC_LINK_CODECS" />
				</Compiler>
				<Linker>
					<Add library="Qt3Support4" />
					<Add library="QtCore4" />
					<Add library="QtNetwork4" />
					<Add library="QtGUI4" />
					<Add library="QtXML4" />
					<Add library="qwt5" />
				</Linker>
			</Target>
			<Target title="Portaudio Debug">
				<Option platforms="Windows;" />
				<Option output="Dreamd.exe" prefix_auto="0" extension_auto="0" />
				<Option object_output="..\Debug" />
				<Option type="1" />
				<Option compiler="gcc" />
				<Compiler>
					<Add option="-O2" />
					<Add option="-W" />
					<Add option="-pg" />
					<Add option="-g" />
					<Add option="-fexceptions" />
					<Add option="-D_DEBUG" />
					<Add option="-DUSE_PORTAUDIO" />
					<Add option="-DHAVE_QT" />
					<Add option="-DUSE_QT_GUI" />
					<Add option="-DQT_THREAD_SUPPORT" />
					<Add option="-DQT_DLL" />
					<Add option="-DQT_XML_LIB" />
					<Add option="-DQT_GUI_LIB" />
					<Add option="-DQT_NETWORK_LIB" />
					<Add option="-DQT_CORE_LIB" />
				</Compiler>
				<Linker>
					<Add option="-pg -lgmon" />
					<Add library="Qt3Support4" />
					<Add library="QtCore4" />
					<Add library="QtNetwork4" />
					<Add library="QtGUI4" />
					<Add library="QtXML4" />
					<Add library="qwt5" />
				</Linker>
			</Target>
		</Build>
		<Compiler>
			<Add option="-DHAVE_STDINT_H" />
			<Add option="-DHAVE_LIBPCAP" />
			<Add option="-DHAVE_LIBHAMLIB" />
			<Add option="-DHAVE_LIBFAAD" />
			<Add option="-DHAVE_LIBFAAC" />
			<Add option="-DHAVE_LIBZ" />
			<Add option="-D_WINDOWS" />
			<Add option="-DWIN32" />
			<Add option="-D__USE_NTOSKRNL__" />
			<Add directory="$(QTDIR)\include" />
			<Add directory="$(QTDIR)\include\QtCore" />
			<Add directory="..\libs" />
			<Add directory="..\common\GUI-QT" />
			<Add directory="..\moc" />
			<Add directory="..\..\faac\include" />
			<Add directory="..\..\faad2\include" />
			<Add directory="$(QTDIR)\include\QtNetwork" />
			<Add directory="$(QTDIR)\include\QtGUI" />
			<Add directory="$(QTDIR)\include\Qt3Support" />
			<Add directory="$(QTDIR)\include\QtXML" />
			<Add directory="..\..\qwt-5.1.1\src" />
		</Compiler>
		<Linker>
			<Add library="faac" />
			<Add library="faad" />
			<Add library="fftw" />
			<Add library="rfftw" />
			<Add library="z" />
			<Add library="wsock32" />
			<Add library="winmm" />
			<Add library="setupapi" />
			<Add library="sndfile" />
			<Add library="wpcap" />
			<Add library="hamlib" />
			<Add library="..\libs\PortAudio.dll" />
			<Add directory="$(QTDIR)\lib" />
			<Add directory="..\libs" />
			<Add directory="..\..\qwt-5.1.1\lib" />
		</Linker>
		<Unit filename="..\common\AMDemodulation.cpp" />
		<Unit filename="..\common\AMDemodulation.h" />
		<Unit filename="..\common\AMSSDemodulation.cpp" />
		<Unit filename="..\common\AMSSDemodulation.h" />
		<Unit filename="..\common\DRMSignalIO.cpp" />
		<Unit filename="..\common\DRMSignalIO.h" />
		<Unit filename="..\common\DataIO.cpp" />
		<Unit filename="..\common\DataIO.h" />
		<Unit filename="..\common\DrmEncoder.cpp" />
		<Unit filename="..\common\DrmEncoder.h" />
		<Unit filename="..\common\DrmModulator.cpp" />
		<Unit filename="..\common\DrmModulator.h" />
		<Unit filename="..\common\DrmReceiver.cpp" />
		<Unit filename="..\common\DrmReceiver.h" />
		<Unit filename="..\common\DrmSimulation.cpp" />
		<Unit filename="..\common\DrmSimulation.h" />
		<Unit filename="..\common\DrmTransmitter.cpp" />
		<Unit filename="..\common\DrmTransmitter.h" />
		<Unit filename="..\common\DrmTransmitterInterface.h" />
		<Unit filename="..\common\FAC\FAC.cpp" />
		<Unit filename="..\common\FAC\FAC.h" />
		<Unit filename="..\common\GPSData.cpp" />
		<Unit filename="..\common\GPSData.h" />
		<Unit filename="..\common\GPSReceiver.cpp" />
		<Unit filename="..\common\GPSReceiver.h" />
		<Unit filename="..\common\GUI-QT\AnalogMainWindow.cpp">
			<Option target="Win32 Release" />
			<Option target="Win32 Debug" />
			<Option target="Portaudio Release" />
			<Option target="Portaudio Debug" />
		</Unit>
		<Unit filename="..\common\GUI-QT\AnalogMainWindow.h">
			<Option target="Win32 Release" />
			<Option target="Win32 Debug" />
			<Option target="Portaudio Release" />
			<Option target="Portaudio Debug" />
		</Unit>
		<Unit filename="..\common\GUI-QT\BWSViewer.cpp">
			<Option target="Win32 Release" />
			<Option target="Win32 Debug" />
			<Option target="Portaudio Release" />
			<Option target="Portaudio Debug" />
		</Unit>
		<Unit filename="..\common\GUI-QT\BWSViewer.h">
			<Option target="Win32 Release" />
			<Option target="Win32 Debug" />
			<Option target="Portaudio Release" />
			<Option target="Portaudio Debug" />
		</Unit>
		<Unit filename="..\common\GUI-QT\DRMMainWindow.cpp">
			<Option target="Win32 Release" />
			<Option target="Win32 Debug" />
			<Option target="Portaudio Release" />
			<Option target="Portaudio Debug" />
		</Unit>
		<Unit filename="..\common\GUI-QT\DRMMainWindow.h">
			<Option target="Win32 Release" />
			<Option target="Win32 Debug" />
			<Option target="Portaudio Release" />
			<Option target="Portaudio Debug" />
		</Unit>
		<Unit filename="..\common\GUI-QT\DRMPlot.cpp">
			<Option target="Win32 Release" />
			<Option target="Win32 Debug" />
			<Option target="Portaudio Release" />
			<Option target="Portaudio Debug" />
		</Unit>
		<Unit filename="..\common\GUI-QT\DRMPlot.h">
			<Option target="Win32 Release" />
			<Option target="Win32 Debug" />
			<Option target="Portaudio Release" />
			<Option target="Portaudio Debug" />
		</Unit>
		<Unit filename="..\common\GUI-QT\DialogUtil.cpp">
			<Option target="Win32 Release" />
			<Option target="Win32 Debug" />
			<Option target="Portaudio Release" />
			<Option target="Portaudio Debug" />
		</Unit>
		<Unit filename="..\common\GUI-QT\DialogUtil.h">
			<Option target="Win32 Release" />
			<Option target="Win32 Debug" />
			<Option target="Portaudio Release" />
			<Option target="Portaudio Debug" />
		</Unit>
		<Unit filename="..\common\GUI-QT\EPGDlg.cpp">
			<Option target="Win32 Release" />
			<Option target="Win32 Debug" />
			<Option target="Portaudio Release" />
			<Option target="Portaudio Debug" />
		</Unit>
		<Unit filename="..\common\GUI-QT\EPGDlg.h">
			<Option target="Win32 Release" />
			<Option target="Win32 Debug" />
			<Option target="Portaudio Release" />
			<Option target="Portaudio Debug" />
		</Unit>
		<Unit filename="..\common\GUI-QT\JLViewer.cpp">
			<Option target="Win32 Release" />
			<Option target="Win32 Debug" />
			<Option target="Portaudio Release" />
			<Option target="Portaudio Debug" />
		</Unit>
		<Unit filename="..\common\GUI-QT\JLViewer.h">
			<Option target="Win32 Release" />
			<Option target="Win32 Debug" />
			<Option target="Portaudio Release" />
			<Option target="Portaudio Debug" />
		</Unit>
		<Unit filename="..\common\GUI-QT\LatLongEditDlg.cpp">
			<Option target="Win32 Release" />
			<Option target="Win32 Debug" />
			<Option target="Portaudio Release" />
			<Option target="Portaudio Debug" />
		</Unit>
		<Unit filename="..\common\GUI-QT\LatLongEditDlg.h">
			<Option target="Win32 Release" />
			<Option target="Win32 Debug" />
			<Option target="Portaudio Release" />
			<Option target="Portaudio Debug" />
		</Unit>
		<Unit filename="..\common\GUI-QT\LiveScheduleDlg.cpp">
			<Option target="Win32 Release" />
			<Option target="Win32 Debug" />
			<Option target="Portaudio Release" />
			<Option target="Portaudio Debug" />
		</Unit>
		<Unit filename="..\common\GUI-QT\LiveScheduleDlg.h">
			<Option target="Win32 Release" />
			<Option target="Win32 Debug" />
			<Option target="Portaudio Release" />
			<Option target="Portaudio Debug" />
		</Unit>
		<Unit filename="..\common\GUI-QT\Loghelper.cpp">
			<Option target="Win32 Release" />
			<Option target="Win32 Debug" />
			<Option target="Portaudio Release" />
			<Option target="Portaudio Debug" />
		</Unit>
		<Unit filename="..\common\GUI-QT\MultColorLED.cpp">
			<Option target="Win32 Release" />
			<Option target="Win32 Debug" />
			<Option target="Portaudio Release" />
			<Option target="Portaudio Debug" />
		</Unit>
		<Unit filename="..\common\GUI-QT\MultColorLED.h">
			<Option target="Win32 Release" />
			<Option target="Win32 Debug" />
			<Option target="Portaudio Release" />
			<Option target="Portaudio Debug" />
		</Unit>
		<Unit filename="..\common\GUI-QT\ReceiverSettingsDlg.cpp">
			<Option target="Win32 Release" />
			<Option target="Win32 Debug" />
			<Option target="Portaudio Release" />
			<Option target="Portaudio Debug" />
		</Unit>
		<Unit filename="..\common\GUI-QT\ReceiverSettingsDlg.h">
			<Option target="Win32 Release" />
			<Option target="Win32 Debug" />
			<Option target="Portaudio Release" />
			<Option target="Portaudio Debug" />
		</Unit>
		<Unit filename="..\common\GUI-QT\RxApp.cpp">
			<Option target="Win32 Release" />
			<Option target="Win32 Debug" />
			<Option target="Portaudio Release" />
			<Option target="Portaudio Debug" />
		</Unit>
		<Unit filename="..\common\GUI-QT\RxApp.h">
			<Option target="Win32 Release" />
			<Option target="Win32 Debug" />
			<Option target="Portaudio Release" />
			<Option target="Portaudio Debug" />
		</Unit>
		<Unit filename="..\common\GUI-QT\ScheduleModel.cpp">
			<Option target="Win32 Release" />
			<Option target="Win32 Debug" />
			<Option target="Portaudio Release" />
			<Option target="Portaudio Debug" />
		</Unit>
		<Unit filename="..\common\GUI-QT\ScheduleModel.h">
			<Option target="Win32 Release" />
			<Option target="Win32 Debug" />
			<Option target="Portaudio Release" />
			<Option target="Portaudio Debug" />
		</Unit>
		<Unit filename="..\common\GUI-QT\SlideShowViewer.cpp">
			<Option target="Win32 Release" />
			<Option target="Win32 Debug" />
			<Option target="Portaudio Release" />
			<Option target="Portaudio Debug" />
		</Unit>
		<Unit filename="..\common\GUI-QT\SlideShowViewer.h">
			<Option target="Win32 Release" />
			<Option target="Win32 Debug" />
			<Option target="Portaudio Release" />
			<Option target="Portaudio Debug" />
		</Unit>
		<Unit filename="..\common\GUI-QT\StationsDlg.cpp">
			<Option target="Win32 Release" />
			<Option target="Win32 Debug" />
			<Option target="Portaudio Release" />
			<Option target="Portaudio Debug" />
		</Unit>
		<Unit filename="..\common\GUI-QT\StationsDlg.h">
			<Option target="Win32 Release" />
			<Option target="Win32 Debug" />
			<Option target="Portaudio Release" />
			<Option target="Portaudio Debug" />
		</Unit>
		<Unit filename="..\common\GUI-QT\SystemEvalDlg.cpp">
			<Option target="Win32 Release" />
			<Option target="Win32 Debug" />
			<Option target="Portaudio Release" />
			<Option target="Portaudio Debug" />
		</Unit>
		<Unit filename="..\common\GUI-QT\SystemEvalDlg.h">
			<Option target="Win32 Release" />
			<Option target="Win32 Debug" />
			<Option target="Portaudio Release" />
			<Option target="Portaudio Debug" />
		</Unit>
		<Unit filename="..\common\GUI-QT\TransmitterMainWindow.cpp">
			<Option target="Win32 Release" />
			<Option target="Win32 Debug" />
			<Option target="Portaudio Release" />
			<Option target="Portaudio Debug" />
		</Unit>
		<Unit filename="..\common\GUI-QT\TransmitterMainWindow.h">
			<Option target="Win32 Release" />
			<Option target="Win32 Debug" />
			<Option target="Portaudio Release" />
			<Option target="Portaudio Debug" />
		</Unit>
		<Unit filename="..\common\GUI-QT\bwsbrowser.cpp">
			<Option target="Win32 Release" />
			<Option target="Win32 Debug" />
			<Option target="Portaudio Release" />
			<Option target="Portaudio Debug" />
		</Unit>
		<Unit filename="..\common\GUI-QT\bwsbrowser.h">
			<Option target="Win32 Release" />
			<Option target="Win32 Debug" />
			<Option target="Portaudio Release" />
			<Option target="Portaudio Debug" />
		</Unit>
		<Unit filename="..\common\GUI-QT\jlbrowser.cpp">
			<Option target="Win32 Release" />
			<Option target="Win32 Debug" />
			<Option target="Portaudio Release" />
			<Option target="Portaudio Debug" />
		</Unit>
		<Unit filename="..\common\GUI-QT\jlbrowser.h">
			<Option target="Win32 Release" />
			<Option target="Win32 Debug" />
			<Option target="Portaudio Release" />
			<Option target="Portaudio Debug" />
		</Unit>
		<Unit filename="..\common\GUI-QT\main.cpp" />
		<Unit filename="..\common\GUI-QT\res\qrc_icons.cpp">
			<Option target="Win32 Release" />
			<Option target="Win32 Debug" />
			<Option target="Portaudio Release" />
			<Option target="Portaudio Debug" />
		</Unit>
		<Unit filename="..\common\GlobalDefinitions.h" />
		<Unit filename="..\common\IQInputFilter.cpp" />
		<Unit filename="..\common\IQInputFilter.h" />
		<Unit filename="..\common\InputResample.cpp" />
		<Unit filename="..\common\InputResample.h" />
		<Unit filename="..\common\MDI\AFPacketGenerator.cpp" />
		<Unit filename="..\common\MDI\AFPacketGenerator.h" />
		<Unit filename="..\common\MDI\MDIDecode.cpp" />
		<Unit filename="..\common\MDI\MDIDecode.h" />
		<Unit filename="..\common\MDI\MDIDefinitions.h" />
		<Unit filename="..\common\MDI\MDIInBuffer.cpp" />
		<Unit filename="..\common\MDI\MDIInBuffer.h" />
		<Unit filename="..\common\MDI\MDIRSCI.cpp" />
		<Unit filename="..\common\MDI\MDIRSCI.h" />
		<Unit filename="..\common\MDI\MDITagItemDecoders.cpp" />
		<Unit filename="..\common\MDI\MDITagItemDecoders.h" />
		<Unit filename="..\common\MDI\MDITagItems.cpp" />
		<Unit filename="..\common\MDI\MDITagItems.h" />
		<Unit filename="..\common\MDI\PacketInOut.h" />
		<Unit filename="..\common\MDI\PacketSinkFile.cpp" />
		<Unit filename="..\common\MDI\PacketSinkFile.h" />
		<Unit filename="..\common\MDI\PacketSocketNull.cpp" />
		<Unit filename="..\common\MDI\PacketSocketNull.h" />
		<Unit filename="..\common\MDI\PacketSocketQT.cpp">
			<Option target="Win32 Debug" />
			<Option target="Win32 Release" />
			<Option target="Portaudio Release" />
			<Option target="Portaudio Debug" />
		</Unit>
		<Unit filename="..\common\MDI\PacketSocketQT.h">
			<Option target="Win32 Debug" />
			<Option target="Win32 Release" />
			<Option target="Portaudio Release" />
			<Option target="Portaudio Debug" />
		</Unit>
		<Unit filename="..\common\MDI\PacketSourceFile.cpp" />
		<Unit filename="..\common\MDI\PacketSourceFile.h" />
		<Unit filename="..\common\MDI\Pft.cpp" />
		<Unit filename="..\common\MDI\Pft.h" />
		<Unit filename="..\common\MDI\RCITagItems.cpp" />
		<Unit filename="..\common\MDI\RCITagItems.h" />
		<Unit filename="..\common\MDI\RSCITagItemDecoders.cpp" />
		<Unit filename="..\common\MDI\RSCITagItemDecoders.h" />
		<Unit filename="..\common\MDI\RSISubscriber.cpp" />
		<Unit filename="..\common\MDI\RSISubscriber.h" />
		<Unit filename="..\common\MDI\TagItemDecoder.h" />
		<Unit filename="..\common\MDI\TagPacketDecoder.cpp" />
		<Unit filename="..\common\MDI\TagPacketDecoder.h" />
		<Unit filename="..\common\MDI\TagPacketDecoderMDI.cpp" />
		<Unit filename="..\common\MDI\TagPacketDecoderMDI.h" />
		<Unit filename="..\common\MDI\TagPacketDecoderRSCIControl.cpp" />
		<Unit filename="..\common\MDI\TagPacketDecoderRSCIControl.h" />
		<Unit filename="..\common\MDI\TagPacketGenerator.cpp" />
		<Unit filename="..\common\MDI\TagPacketGenerator.h" />
		<Unit filename="..\common\MSCMultiplexer.cpp" />
		<Unit filename="..\common\MSCMultiplexer.h" />
		<Unit filename="..\common\Measurements.cpp" />
		<Unit filename="..\common\Measurements.h" />
		<Unit filename="..\common\OFDM.cpp" />
		<Unit filename="..\common\OFDM.h" />
		<Unit filename="..\common\Parameter.cpp" />
		<Unit filename="..\common\Parameter.h" />
		<Unit filename="..\common\ReceiverInterface.h" />
		<Unit filename="..\common\ReceptLog.cpp" />
		<Unit filename="..\common\ReceptLog.h" />
		<Unit filename="..\common\SDC\SDC.h" />
		<Unit filename="..\common\SDC\SDCReceive.cpp" />
		<Unit filename="..\common\SDC\SDCReceive.h" />
		<Unit filename="..\common\SDC\SDCTransmit.cpp" />
		<Unit filename="..\common\SDC\SDCTransmit.h" />
		<Unit filename="..\common\ServiceInformation.cpp" />
		<Unit filename="..\common\ServiceInformation.h" />
		<Unit filename="..\common\SigProc.h" />
		<Unit filename="..\common\SimulationParameters.cpp" />
		<Unit filename="..\common\TextMessage.cpp" />
		<Unit filename="..\common\TextMessage.h" />
		<Unit filename="..\common\Version.cpp" />
		<Unit filename="..\common\Version.h" />
		<Unit filename="..\common\chanest\ChanEstTime.cpp" />
		<Unit filename="..\common\chanest\ChanEstTime.h" />
		<Unit filename="..\common\chanest\ChannelEstimation.cpp" />
		<Unit filename="..\common\chanest\ChannelEstimation.h" />
		<Unit filename="..\common\chanest\IdealChannelEstimation.cpp" />
		<Unit filename="..\common\chanest\IdealChannelEstimation.h" />
		<Unit filename="..\common\chanest\TimeLinear.cpp" />
		<Unit filename="..\common\chanest\TimeLinear.h" />
		<Unit filename="..\common\chanest\TimeWiener.cpp" />
		<Unit filename="..\common\chanest\TimeWiener.h" />
		<Unit filename="..\common\datadecoding\DABMOT.cpp" />
		<Unit filename="..\common\datadecoding\DABMOT.h" />
		<Unit filename="..\common\datadecoding\DataApplication.h" />
		<Unit filename="..\common\datadecoding\DataDecoder.cpp" />
		<Unit filename="..\common\datadecoding\DataDecoder.h" />
		<Unit filename="..\common\datadecoding\DataEncoder.cpp" />
		<Unit filename="..\common\datadecoding\DataEncoder.h" />
		<Unit filename="..\common\datadecoding\EPGDecoder.cpp" />
		<Unit filename="..\common\datadecoding\EPGDecoder.h" />
		<Unit filename="..\common\datadecoding\Journaline.cpp" />
		<Unit filename="..\common\datadecoding\Journaline.h" />
		<Unit filename="..\common\datadecoding\MOTSlideShow.cpp" />
		<Unit filename="..\common\datadecoding\MOTSlideShow.h" />
		<Unit filename="..\common\datadecoding\epg\EPG.cpp">
			<Option target="Win32 Release" />
			<Option target="Win32 Debug" />
			<Option target="Portaudio Release" />
			<Option target="Portaudio Debug" />
		</Unit>
		<Unit filename="..\common\datadecoding\epg\EPG.h">
			<Option target="Win32 Release" />
			<Option target="Win32 Debug" />
			<Option target="Portaudio Release" />
			<Option target="Portaudio Debug" />
		</Unit>
		<Unit filename="..\common\datadecoding\epg\epgdec.cpp" />
		<Unit filename="..\common\datadecoding\epg\epgdec.h" />
		<Unit filename="..\common\datadecoding\epg\epgutil.cpp" />
		<Unit filename="..\common\datadecoding\epg\epgutil.h" />
		<Unit filename="..\common\datadecoding\journaline\NML.cpp" />
		<Unit filename="..\common\datadecoding\journaline\NML.h" />
		<Unit filename="..\common\datadecoding\journaline\Splitter.cpp" />
		<Unit filename="..\common\datadecoding\journaline\Splitter.h" />
		<Unit filename="..\common\datadecoding\journaline\cpplog.h" />
		<Unit filename="..\common\datadecoding\journaline\crc_8_16.c">
			<Option compilerVar="CC" />
		</Unit>
		<Unit filename="..\common\datadecoding\journaline\crc_8_16.h" />
		<Unit filename="..\common\datadecoding\journaline\dabdatagroupdecoder.h" />
		<Unit filename="..\common\datadecoding\journaline\dabdgdec_impl.c">
			<Option compilerVar="CC" />
		</Unit>
		<Unit filename="..\common\datadecoding\journaline\dabdgdec_impl.h" />
		<Unit filename="..\common\datadecoding\journaline\log.c">
			<Option compilerVar="CC" />
		</Unit>
		<Unit filename="..\common\datadecoding\journaline\log.h" />
		<Unit filename="..\common\datadecoding\journaline\newsobject.cpp" />
		<Unit filename="..\common\datadecoding\journaline\newsobject.h" />
		<Unit filename="..\common\datadecoding\journaline\newssvcdec.h" />
		<Unit filename="..\common\datadecoding\journaline\newssvcdec_impl.cpp" />
		<Unit filename="..\common\datadecoding\journaline\newssvcdec_impl.h" />
		<Unit filename="..\common\drmchannel\ChannelSimulation.cpp" />
		<Unit filename="..\common\drmchannel\ChannelSimulation.h" />
		<Unit filename="..\common\interleaver\BlockInterleaver.cpp" />
		<Unit filename="..\common\interleaver\BlockInterleaver.h" />
		<Unit filename="..\common\interleaver\SymbolInterleaver.cpp" />
		<Unit filename="..\common\interleaver\SymbolInterleaver.h" />
		<Unit filename="..\common\matlib\Matlib.h" />
		<Unit filename="..\common\matlib\MatlibSigProToolbox.cpp" />
		<Unit filename="..\common\matlib\MatlibSigProToolbox.h" />
		<Unit filename="..\common\matlib\MatlibStdToolbox.cpp" />
		<Unit filename="..\common\matlib\MatlibStdToolbox.h" />
		<Unit filename="..\common\mlc\BitInterleaver.cpp" />
		<Unit filename="..\common\mlc\BitInterleaver.h" />
		<Unit filename="..\common\mlc\ChannelCode.cpp" />
		<Unit filename="..\common\mlc\ChannelCode.h" />
		<Unit filename="..\common\mlc\ConvEncoder.cpp" />
		<Unit filename="..\common\mlc\ConvEncoder.h" />
		<Unit filename="..\common\mlc\EnergyDispersal.cpp" />
		<Unit filename="..\common\mlc\EnergyDispersal.h" />
		<Unit filename="..\common\mlc\MLC.cpp" />
		<Unit filename="..\common\mlc\MLC.h" />
		<Unit filename="..\common\mlc\Metric.cpp" />
		<Unit filename="..\common\mlc\Metric.h" />
		<Unit filename="..\common\mlc\QAMMapping.cpp" />
		<Unit filename="..\common\mlc\QAMMapping.h" />
		<Unit filename="..\common\mlc\TrellisUpdateMMX.cpp" />
		<Unit filename="..\common\mlc\TrellisUpdateSSE2.cpp" />
		<Unit filename="..\common\mlc\ViterbiDecoder.cpp" />
		<Unit filename="..\common\mlc\ViterbiDecoder.h" />
		<Unit filename="..\common\ofdmcellmapping\CellMappingTable.cpp" />
		<Unit filename="..\common\ofdmcellmapping\CellMappingTable.h" />
		<Unit filename="..\common\ofdmcellmapping\OFDMCellMapping.cpp" />
		<Unit filename="..\common\ofdmcellmapping\OFDMCellMapping.h" />
		<Unit filename="..\common\resample\Resample.cpp" />
		<Unit filename="..\common\resample\Resample.h" />
		<Unit filename="..\common\resample\ResampleFilter.cpp" />
		<Unit filename="..\common\resample\ResampleFilter.h" />
		<Unit filename="..\common\selectioninterface.h" />
		<Unit filename="..\common\sound.h" />
		<Unit filename="..\common\sound\drm_portaudio.cpp">
			<Option target="Portaudio Release" />
			<Option target="Portaudio Debug" />
		</Unit>
		<Unit filename="..\common\sound\drm_portaudio.h">
			<Option target="Portaudio Release" />
			<Option target="Portaudio Debug" />
		</Unit>
		<Unit filename="..\common\sound\pa_ringbuffer.c">
			<Option compilerVar="CC" />
			<Option target="Portaudio Release" />
			<Option target="Portaudio Debug" />
		</Unit>
		<Unit filename="..\common\sound\pa_ringbuffer.h">
			<Option target="Portaudio Release" />
			<Option target="Portaudio Debug" />
		</Unit>
		<Unit filename="..\common\sound\soundfile.cpp" />
		<Unit filename="..\common\sound\soundfile.h" />
		<Unit filename="..\common\sound\soundnull.h" />
		<Unit filename="..\common\soundinterface.h" />
		<Unit filename="..\common\sourcedecoders\AudioSourceDecoder.cpp" />
		<Unit filename="..\common\sourcedecoders\AudioSourceDecoder.h" />
		<Unit filename="..\common\sourcedecoders\AudioSourceEncoder.cpp" />
		<Unit filename="..\common\sourcedecoders\AudioSourceEncoder.h" />
		<Unit filename="..\common\sync\FreqSyncAcq.cpp" />
		<Unit filename="..\common\sync\FreqSyncAcq.h" />
		<Unit filename="..\common\sync\SyncUsingPil.cpp" />
		<Unit filename="..\common\sync\SyncUsingPil.h" />
		<Unit filename="..\common\sync\TimeSync.cpp" />
		<Unit filename="..\common\sync\TimeSync.h" />
		<Unit filename="..\common\sync\TimeSyncFilter.cpp" />
		<Unit filename="..\common\sync\TimeSyncFilter.h" />
		<Unit filename="..\common\sync\TimeSyncTrack.cpp" />
		<Unit filename="..\common\sync\TimeSyncTrack.h" />
		<Unit filename="..\common\tables\TableAMSS.h" />
		<Unit filename="..\common\tables\TableCarMap.cpp" />
		<Unit filename="..\common\tables\TableCarMap.h" />
		<Unit filename="..\common\tables\TableDRMGlobal.h" />
		<Unit filename="..\common\tables\TableFAC.cpp" />
		<Unit filename="..\common\tables\TableFAC.h" />
		<Unit filename="..\common\tables\TableMLC.h" />
		<Unit filename="..\common\tables\TableQAMMapping.h" />
		<Unit filename="..\common\tables\TableStations.cpp" />
		<Unit filename="..\common\tables\TableStations.h" />
		<Unit filename="..\common\util\Buffer.h" />
		<Unit filename="..\common\util\CRC.cpp" />
		<Unit filename="..\common\util\CRC.h" />
		<Unit filename="..\common\util\Hamlib.cpp" />
		<Unit filename="..\common\util\Hamlib.h" />
		<Unit filename="..\common\util\LogPrint.cpp" />
		<Unit filename="..\common\util\LogPrint.h" />
		<Unit filename="..\common\util\Modul.h" />
		<Unit filename="..\common\util\Pacer.h" />
		<Unit filename="..\common\util\Reassemble.cpp" />
		<Unit filename="..\common\util\Reassemble.h" />
		<Unit filename="..\common\util\ReceiverModul.h" />
		<Unit filename="..\common\util\ReceiverModul_impl.h" />
		<Unit filename="..\common\util\Settings.cpp" />
		<Unit filename="..\common\util\Settings.h" />
		<Unit filename="..\common\util\SimulationModul.h" />
		<Unit filename="..\common\util\SimulationModul_impl.h" />
		<Unit filename="..\common\util\TransmitterModul.h" />
		<Unit filename="..\common\util\TransmitterModul_impl.h" />
		<Unit filename="..\common\util\Utilities.cpp" />
		<Unit filename="..\common\util\Utilities.h" />
		<Unit filename="..\common\util\Vector.h" />
		<Unit filename="..\moc\moc_AnalogMainWindow.cpp">
			<Option target="Win32 Release" />
			<Option target="Win32 Debug" />
			<Option target="Portaudio Release" />
			<Option target="Portaudio Debug" />
		</Unit>
		<Unit filename="..\moc\moc_BWSViewer.cpp">
			<Option target="Win32 Release" />
			<Option target="Win32 Debug" />
			<Option target="Portaudio Release" />
			<Option target="Portaudio Debug" />
		</Unit>
		<Unit filename="..\moc\moc_DRMMainWindow.cpp">
			<Option target="Win32 Release" />
			<Option target="Win32 Debug" />
			<Option target="Portaudio Release" />
			<Option target="Portaudio Debug" />
		</Unit>
		<Unit filename="..\moc\moc_DRMPlot.cpp">
			<Option target="Win32 Release" />
			<Option target="Win32 Debug" />
			<Option target="Portaudio Release" />
			<Option target="Portaudio Debug" />
		</Unit>
		<Unit filename="..\moc\moc_DialogUtil.cpp">
			<Option target="Win32 Release" />
			<Option target="Win32 Debug" />
			<Option target="Portaudio Release" />
			<Option target="Portaudio Debug" />
		</Unit>
		<Unit filename="..\moc\moc_EPGDlg.cpp">
			<Option target="Win32 Release" />
			<Option target="Win32 Debug" />
			<Option target="Portaudio Release" />
			<Option target="Portaudio Debug" />
		</Unit>
		<Unit filename="..\moc\moc_GPSReceiver.cpp">
			<Option target="Win32 Release" />
			<Option target="Win32 Debug" />
			<Option target="Portaudio Release" />
			<Option target="Portaudio Debug" />
		</Unit>
		<Unit filename="..\moc\moc_JLViewer.cpp">
			<Option target="Win32 Release" />
			<Option target="Win32 Debug" />
			<Option target="Portaudio Release" />
			<Option target="Portaudio Debug" />
		</Unit>
		<Unit filename="..\moc\moc_LatLongEditDlg.cpp">
			<Option target="Win32 Release" />
			<Option target="Win32 Debug" />
			<Option target="Portaudio Release" />
			<Option target="Portaudio Debug" />
		</Unit>
		<Unit filename="..\moc\moc_LiveScheduleDlg.cpp">
			<Option target="Win32 Release" />
			<Option target="Win32 Debug" />
			<Option target="Portaudio Release" />
			<Option target="Portaudio Debug" />
		</Unit>
		<Unit filename="..\moc\moc_Loghelper.cpp">
			<Option target="Win32 Release" />
			<Option target="Win32 Debug" />
			<Option target="Portaudio Release" />
			<Option target="Portaudio Debug" />
		</Unit>
		<Unit filename="..\moc\moc_MultColorLED.cpp">
			<Option target="Win32 Release" />
			<Option target="Win32 Debug" />
			<Option target="Portaudio Release" />
			<Option target="Portaudio Debug" />
		</Unit>
		<Unit filename="..\moc\moc_PacketSocketQT.cpp">
			<Option target="Win32 Release" />
			<Option target="Win32 Debug" />
			<Option target="Portaudio Release" />
			<Option target="Portaudio Debug" />
		</Unit>
		<Unit filename="..\moc\moc_ReceiverSettingsDlg.cpp">
			<Option target="Win32 Release" />
			<Option target="Win32 Debug" />
			<Option target="Portaudio Release" />
			<Option target="Portaudio Debug" />
		</Unit>
		<Unit filename="..\moc\moc_RxApp.cpp">
			<Option target="Win32 Release" />
			<Option target="Win32 Debug" />
			<Option target="Portaudio Release" />
			<Option target="Portaudio Debug" />
		</Unit>
		<Unit filename="..\moc\moc_SlideShowViewer.cpp">
			<Option target="Win32 Release" />
			<Option target="Win32 Debug" />
			<Option target="Portaudio Release" />
			<Option target="Portaudio Debug" />
		</Unit>
		<Unit filename="..\moc\moc_StationsDlg.cpp">
			<Option target="Win32 Release" />
			<Option target="Win32 Debug" />
			<Option target="Portaudio Release" />
			<Option target="Portaudio Debug" />
		</Unit>
		<Unit filename="..\moc\moc_SystemEvalDlg.cpp">
			<Option target="Win32 Release" />
			<Option target="Win32 Debug" />
			<Option target="Portaudio Release" />
			<Option target="Portaudio Debug" />
		</Unit>
		<Unit filename="..\moc\moc_TransmitterMainWindow.cpp">
			<Option target="Win32 Release" />
			<Option target="Win32 Debug" />
			<Option target="Portaudio Release" />
			<Option target="Portaudio Debug" />
		</Unit>
		<Unit filename="..\moc\moc_bwsbrowser.cpp">
			<Option target="Win32 Release" />
			<Option target="Win32 Debug" />
			<Option target="Portaudio Release" />
			<Option target="Portaudio Debug" />
		</Unit>
		<Unit filename="..\moc\moc_jlbrowser.cpp">
			<Option target="Win32 Release" />
			<Option target="Win32 Debug" />
			<Option target="Portaudio Release" />
			<Option target="Portaudio Debug" />
		</Unit>
		<Unit filename="..\moc\ui_AMSSDlg.h">
			<Option target="Win32 Release" />
			<Option target="Win32 Debug" />
			<Option target="Portaudio Release" />
			<Option target="Portaudio Debug" />
		</Unit>
		<Unit filename="..\moc\ui_AboutDlg.h">
			<Option target="Win32 Release" />
			<Option target="Win32 Debug" />
			<Option target="Portaudio Release" />
			<Option target="Portaudio Debug" />
		</Unit>
		<Unit filename="..\moc\ui_AnalogMainWindow.h">
			<Option target="Win32 Release" />
			<Option target="Win32 Debug" />
			<Option target="Portaudio Release" />
			<Option target="Portaudio Debug" />
		</Unit>
		<Unit filename="..\moc\ui_BWSViewer.h">
			<Option target="Win32 Release" />
			<Option target="Win32 Debug" />
			<Option target="Portaudio Release" />
			<Option target="Portaudio Debug" />
		</Unit>
		<Unit filename="..\moc\ui_DRMMainWindow.h">
			<Option target="Win32 Release" />
			<Option target="Win32 Debug" />
			<Option target="Portaudio Release" />
			<Option target="Portaudio Debug" />
		</Unit>
		<Unit filename="..\moc\ui_EPGDlg.h">
			<Option target="Win32 Release" />
			<Option target="Win32 Debug" />
			<Option target="Portaudio Release" />
			<Option target="Portaudio Debug" />
		</Unit>
		<Unit filename="..\moc\ui_JLViewer.h">
			<Option target="Win32 Release" />
			<Option target="Win32 Debug" />
			<Option target="Portaudio Release" />
			<Option target="Portaudio Debug" />
		</Unit>
		<Unit filename="..\moc\ui_LatLongEditDlg.h">
			<Option target="Win32 Release" />
			<Option target="Win32 Debug" />
			<Option target="Portaudio Release" />
			<Option target="Portaudio Debug" />
		</Unit>
		<Unit filename="..\moc\ui_LiveScheduleDlg.h">
			<Option target="Win32 Release" />
			<Option target="Win32 Debug" />
			<Option target="Portaudio Release" />
			<Option target="Portaudio Debug" />
		</Unit>
		<Unit filename="..\moc\ui_ReceiverSettingsDlg.h">
			<Option target="Win32 Release" />
			<Option target="Win32 Debug" />
			<Option target="Portaudio Release" />
			<Option target="Portaudio Debug" />
		</Unit>
		<Unit filename="..\moc\ui_SlideShowViewer.h">
			<Option target="Win32 Release" />
			<Option target="Win32 Debug" />
			<Option target="Portaudio Release" />
			<Option target="Portaudio Debug" />
		</Unit>
		<Unit filename="..\moc\ui_StationsDlg.h">
			<Option target="Win32 Release" />
			<Option target="Win32 Debug" />
			<Option target="Portaudio Release" />
			<Option target="Portaudio Debug" />
		</Unit>
		<Unit filename="..\moc\ui_SystemEvalDlg.h">
			<Option target="Win32 Release" />
			<Option target="Win32 Debug" />
			<Option target="Portaudio Release" />
			<Option target="Portaudio Debug" />
		</Unit>
		<Unit filename="..\moc\ui_TransmitterMainWindow.h">
			<Option target="Win32 Release" />
			<Option target="Win32 Debug" />
			<Option target="Portaudio Release" />
			<Option target="Portaudio Debug" />
		</Unit>
		<Unit filename="Dream.rc">
			<Option compilerVar="WINDRES" />
		</Unit>
		<Unit filename="Source\Pacer.cpp" />
		<Unit filename="Source\Sound.cpp">
			<Option target="Win32 Release" />
			<Option target="Win32 Debug" />
			<Option target="Win32CLI" />
		</Unit>
		<Unit filename="Source\Sound.h">
			<Option target="Win32 Release" />
			<Option target="Win32 Debug" />
			<Option target="Win32CLI" />
		</Unit>
		<Unit filename="resource.h" />
		<Unit filename="..\..\rigclass.cc" />
		<Extensions>
			<code_completion />
			<envvars set="default" />
			<debugger />
			<lib_finder disable_auto="1" />
		</Extensions>
	</Project>
</CodeBlocks_project_file>
